
Microsoft Visual Studio Solution File, Format Version 12.00
# Visual Studio Version 17
VisualStudioVersion = 17.14.36429.23 d17.14
MinimumVisualStudioVersion = 10.0.40219.1
Project("{FAE04EC0-301F-11D3-BF4B-00C04F79EFBC}") = "InfoPublishSystem", "InfoPublishSystem.csproj", "{9095C0A2-55D0-43B5-8166-5D7F54B549B3}"
EndProject
Global
	GlobalSection(SolutionConfigurationPlatforms) = preSolution
		Debug|Any CPU = Debug|Any CPU
		Release|Any CPU = Release|Any CPU
	EndGlobalSection
	GlobalSection(ProjectConfigurationPlatforms) = postSolution
		{9095C0A2-55D0-43B5-8166-5D7F54B549B3}.Debug|Any CPU.ActiveCfg = Debug|Any CPU
		{9095C0A2-55D0-43B5-8166-5D7F54B549B3}.Debug|Any CPU.Build.0 = Debug|Any CPU
		{9095C0A2-55D0-43B5-8166-5D7F54B549B3}.Release|Any CPU.ActiveCfg = Release|Any CPU
		{9095C0A2-55D0-43B5-8166-5D7F54B549B3}.Release|Any CPU.Build.0 = Release|Any CPU
	EndGlobalSection
	GlobalSection(SolutionProperties) = preSolution
		HideSolutionNode = FALSE
	EndGlobalSection
	GlobalSection(ExtensibilityGlobals) = postSolution
		SolutionGuid = {DFBD21F6-AF01-470A-BB93-A53C92541E1F}
	EndGlobalSection
EndGlobal
